// !$*UTF8*$!
{
	archiveVersion = 1;
	classes = {
	};
	objectVersion = 51;
	objects = {

/* Begin PBXBuildFile section */
		014AC26D9F0E23A55A1008EB /* Pods_NIBM_COVID19.framework in Frameworks */ = {isa = PBXBuildFile; fileRef = 23F0159ADEEAA5FF4B68DB4C /* Pods_NIBM_COVID19.framework */; };
		3112F9C924EDBF28004A3BA0 /* AppDelegate.swift in Sources */ = {isa = PBXBuildFile; fileRef = 3112F9C824EDBF28004A3BA0 /* AppDelegate.swift */; };
		3112F9CB24EDBF28004A3BA0 /* SceneDelegate.swift in Sources */ = {isa = PBXBuildFile; fileRef = 3112F9CA24EDBF28004A3BA0 /* SceneDelegate.swift */; };
		3112F9CD24EDBF28004A3BA0 /* LaunchViewController.swift in Sources */ = {isa = PBXBuildFile; fileRef = 3112F9CC24EDBF28004A3BA0 /* LaunchViewController.swift */; };
		3112F9D324EDBF28004A3BA0 /* NIBM_COVID19.xcdatamodeld in Sources */ = {isa = PBXBuildFile; fileRef = 3112F9D124EDBF28004A3BA0 /* NIBM_COVID19.xcdatamodeld */; };
		3112F9D524EDBF29004A3BA0 /* Assets.xcassets in Resources */ = {isa = PBXBuildFile; fileRef = 3112F9D424EDBF29004A3BA0 /* Assets.xcassets */; };
		3112F9D824EDBF29004A3BA0 /* LaunchScreen.storyboard in Resources */ = {isa = PBXBuildFile; fileRef = 3112F9D624EDBF29004A3BA0 /* LaunchScreen.storyboard */; };
		3112F9E324EDBF29004A3BA0 /* NIBM_COVID19Tests.swift in Sources */ = {isa = PBXBuildFile; fileRef = 3112F9E224EDBF29004A3BA0 /* NIBM_COVID19Tests.swift */; };
		3112F9EE24EDBF29004A3BA0 /* NIBM_COVID19UITests.swift in Sources */ = {isa = PBXBuildFile; fileRef = 3112F9ED24EDBF29004A3BA0 /* NIBM_COVID19UITests.swift */; };
		312A321224F95288005E0A1C /* SignInViewController.swift in Sources */ = {isa = PBXBuildFile; fileRef = 312A321124F95288005E0A1C /* SignInViewController.swift */; };
		312A321424F952A2005E0A1C /* SignUpViewController.swift in Sources */ = {isa = PBXBuildFile; fileRef = 312A321324F952A2005E0A1C /* SignUpViewController.swift */; };
		312A321724F96475005E0A1C /* Extensions.swift in Sources */ = {isa = PBXBuildFile; fileRef = 312A321624F96475005E0A1C /* Extensions.swift */; };
		31AE54EB24FD684600B5B271 /* Constants.swift in Sources */ = {isa = PBXBuildFile; fileRef = 31AE54EA24FD684600B5B271 /* Constants.swift */; };
		31C01A6024FE929800EFF6AD /* DatabaseService.swift in Sources */ = {isa = PBXBuildFile; fileRef = 31C01A5F24FE929800EFF6AD /* DatabaseService.swift */; };
		31C72CDC25021CA30027B243 /* LocationService.swift in Sources */ = {isa = PBXBuildFile; fileRef = 31C72CDB25021CA30027B243 /* LocationService.swift */; };
		31C72CDE250271FE0027B243 /* UserAnnotation.swift in Sources */ = {isa = PBXBuildFile; fileRef = 31C72CDD250271FE0027B243 /* UserAnnotation.swift */; };
		31CA206B24FA176F005103AE /* HomeViewController.swift in Sources */ = {isa = PBXBuildFile; fileRef = 31CA206A24FA176F005103AE /* HomeViewController.swift */; };
		31CA206D24FA1782005103AE /* SettingsViewController.swift in Sources */ = {isa = PBXBuildFile; fileRef = 31CA206C24FA1782005103AE /* SettingsViewController.swift */; };
		31CA206F24FA17AC005103AE /* NotificationViewController.swift in Sources */ = {isa = PBXBuildFile; fileRef = 31CA206E24FA17AC005103AE /* NotificationViewController.swift */; };
		31CA207124FA17BE005103AE /* SurveyViewController.swift in Sources */ = {isa = PBXBuildFile; fileRef = 31CA207024FA17BE005103AE /* SurveyViewController.swift */; };
		31CA207324FA17F0005103AE /* AboutUsViewController.swift in Sources */ = {isa = PBXBuildFile; fileRef = 31CA207224FA17F0005103AE /* AboutUsViewController.swift */; };
		31CA207524FA17FC005103AE /* UserProfileViewController.swift in Sources */ = {isa = PBXBuildFile; fileRef = 31CA207424FA17FC005103AE /* UserProfileViewController.swift */; };
		31CA207724FA182A005103AE /* SafeActionsViewController.swift in Sources */ = {isa = PBXBuildFile; fileRef = 31CA207624FA182A005103AE /* SafeActionsViewController.swift */; };
		31CA207924FA183D005103AE /* UpdateViewController.swift in Sources */ = {isa = PBXBuildFile; fileRef = 31CA207824FA183D005103AE /* UpdateViewController.swift */; };
		31CA207D24FA353F005103AE /* TabBarViewController.swift in Sources */ = {isa = PBXBuildFile; fileRef = 31CA207C24FA353F005103AE /* TabBarViewController.swift */; };
		31CA207F24FA8DEB005103AE /* MapViewController.swift in Sources */ = {isa = PBXBuildFile; fileRef = 31CA207E24FA8DEB005103AE /* MapViewController.swift */; };
		31CC723224FC056900115000 /* GoogleService-Info.plist in Resources */ = {isa = PBXBuildFile; fileRef = 31CC723124FC056900115000 /* GoogleService-Info.plist */; };
		31CC723324FC056900115000 /* GoogleService-Info.plist in Resources */ = {isa = PBXBuildFile; fileRef = 31CC723124FC056900115000 /* GoogleService-Info.plist */; };
		31CC723424FC056900115000 /* GoogleService-Info.plist in Resources */ = {isa = PBXBuildFile; fileRef = 31CC723124FC056900115000 /* GoogleService-Info.plist */; };
		59FEC91F910C563A678388F8 /* Pods_NIBM_COVID19Tests.framework in Frameworks */ = {isa = PBXBuildFile; fileRef = C92FE241C65F5E1A52BBE5AD /* Pods_NIBM_COVID19Tests.framework */; };
		D9DDFBA54DF61B156D1FFA96 /* Pods_NIBM_COVID19_NIBM_COVID19UITests.framework in Frameworks */ = {isa = PBXBuildFile; fileRef = 941DBD88BAE8DC760317B2E1 /* Pods_NIBM_COVID19_NIBM_COVID19UITests.framework */; };
/* End PBXBuildFile section */

/* Begin PBXContainerItemProxy section */
		3112F9DF24EDBF29004A3BA0 /* PBXContainerItemProxy */ = {
			isa = PBXContainerItemProxy;
			containerPortal = 3112F9BD24EDBF28004A3BA0 /* Project object */;
			proxyType = 1;
			remoteGlobalIDString = 3112F9C424EDBF28004A3BA0;
			remoteInfo = "NIBM COVID19";
		};
		3112F9EA24EDBF29004A3BA0 /* PBXContainerItemProxy */ = {
			isa = PBXContainerItemProxy;
			containerPortal = 3112F9BD24EDBF28004A3BA0 /* Project object */;
			proxyType = 1;
			remoteGlobalIDString = 3112F9C424EDBF28004A3BA0;
			remoteInfo = "NIBM COVID19";
		};
/* End PBXContainerItemProxy section */

/* Begin PBXFileReference section */
		23F0159ADEEAA5FF4B68DB4C /* Pods_NIBM_COVID19.framework */ = {isa = PBXFileReference; explicitFileType = wrapper.framework; includeInIndex = 0; path = Pods_NIBM_COVID19.framework; sourceTree = BUILT_PRODUCTS_DIR; };
		2E8F732ED66E790B1925DF9A /* Pods-NIBM COVID19Tests.release.xcconfig */ = {isa = PBXFileReference; includeInIndex = 1; lastKnownFileType = text.xcconfig; name = "Pods-NIBM COVID19Tests.release.xcconfig"; path = "Target Support Files/Pods-NIBM COVID19Tests/Pods-NIBM COVID19Tests.release.xcconfig"; sourceTree = "<group>"; };
		3112F9C524EDBF28004A3BA0 /* NIBM COVID19.app */ = {isa = PBXFileReference; explicitFileType = wrapper.application; includeInIndex = 0; path = "NIBM COVID19.app"; sourceTree = BUILT_PRODUCTS_DIR; };
		3112F9C824EDBF28004A3BA0 /* AppDelegate.swift */ = {isa = PBXFileReference; lastKnownFileType = sourcecode.swift; path = AppDelegate.swift; sourceTree = "<group>"; };
		3112F9CA24EDBF28004A3BA0 /* SceneDelegate.swift */ = {isa = PBXFileReference; lastKnownFileType = sourcecode.swift; path = SceneDelegate.swift; sourceTree = "<group>"; };
		3112F9CC24EDBF28004A3BA0 /* LaunchViewController.swift */ = {isa = PBXFileReference; lastKnownFileType = sourcecode.swift; path = LaunchViewController.swift; sourceTree = "<group>"; };
		3112F9D224EDBF28004A3BA0 /* NIBM_COVID19.xcdatamodel */ = {isa = PBXFileReference; lastKnownFileType = wrapper.xcdatamodel; path = NIBM_COVID19.xcdatamodel; sourceTree = "<group>"; };
		3112F9D424EDBF29004A3BA0 /* Assets.xcassets */ = {isa = PBXFileReference; lastKnownFileType = folder.assetcatalog; path = Assets.xcassets; sourceTree = "<group>"; };
		3112F9D724EDBF29004A3BA0 /* Base */ = {isa = PBXFileReference; lastKnownFileType = file.storyboard; name = Base; path = Base.lproj/LaunchScreen.storyboard; sourceTree = "<group>"; };
		3112F9D924EDBF29004A3BA0 /* Info.plist */ = {isa = PBXFileReference; lastKnownFileType = text.plist.xml; path = Info.plist; sourceTree = "<group>"; };
		3112F9DE24EDBF29004A3BA0 /* NIBM COVID19Tests.xctest */ = {isa = PBXFileReference; explicitFileType = wrapper.cfbundle; includeInIndex = 0; path = "NIBM COVID19Tests.xctest"; sourceTree = BUILT_PRODUCTS_DIR; };
		3112F9E224EDBF29004A3BA0 /* NIBM_COVID19Tests.swift */ = {isa = PBXFileReference; lastKnownFileType = sourcecode.swift; path = NIBM_COVID19Tests.swift; sourceTree = "<group>"; };
		3112F9E424EDBF29004A3BA0 /* Info.plist */ = {isa = PBXFileReference; lastKnownFileType = text.plist.xml; path = Info.plist; sourceTree = "<group>"; };
		3112F9E924EDBF29004A3BA0 /* NIBM COVID19UITests.xctest */ = {isa = PBXFileReference; explicitFileType = wrapper.cfbundle; includeInIndex = 0; path = "NIBM COVID19UITests.xctest"; sourceTree = BUILT_PRODUCTS_DIR; };
		3112F9ED24EDBF29004A3BA0 /* NIBM_COVID19UITests.swift */ = {isa = PBXFileReference; lastKnownFileType = sourcecode.swift; path = NIBM_COVID19UITests.swift; sourceTree = "<group>"; };
		3112F9EF24EDBF29004A3BA0 /* Info.plist */ = {isa = PBXFileReference; lastKnownFileType = text.plist.xml; path = Info.plist; sourceTree = "<group>"; };
		312A321124F95288005E0A1C /* SignInViewController.swift */ = {isa = PBXFileReference; lastKnownFileType = sourcecode.swift; path = SignInViewController.swift; sourceTree = "<group>"; };
		312A321324F952A2005E0A1C /* SignUpViewController.swift */ = {isa = PBXFileReference; lastKnownFileType = sourcecode.swift; path = SignUpViewController.swift; sourceTree = "<group>"; };
		312A321624F96475005E0A1C /* Extensions.swift */ = {isa = PBXFileReference; lastKnownFileType = sourcecode.swift; path = Extensions.swift; sourceTree = "<group>"; };
		31AE54EA24FD684600B5B271 /* Constants.swift */ = {isa = PBXFileReference; lastKnownFileType = sourcecode.swift; path = Constants.swift; sourceTree = "<group>"; };
		31C01A5F24FE929800EFF6AD /* DatabaseService.swift */ = {isa = PBXFileReference; lastKnownFileType = sourcecode.swift; path = DatabaseService.swift; sourceTree = "<group>"; };
		31C72CDB25021CA30027B243 /* LocationService.swift */ = {isa = PBXFileReference; lastKnownFileType = sourcecode.swift; path = LocationService.swift; sourceTree = "<group>"; };
		31C72CDD250271FE0027B243 /* UserAnnotation.swift */ = {isa = PBXFileReference; lastKnownFileType = sourcecode.swift; path = UserAnnotation.swift; sourceTree = "<group>"; };
		31CA206A24FA176F005103AE /* HomeViewController.swift */ = {isa = PBXFileReference; lastKnownFileType = sourcecode.swift; path = HomeViewController.swift; sourceTree = "<group>"; };
		31CA206C24FA1782005103AE /* SettingsViewController.swift */ = {isa = PBXFileReference; lastKnownFileType = sourcecode.swift; path = SettingsViewController.swift; sourceTree = "<group>"; };
		31CA206E24FA17AC005103AE /* NotificationViewController.swift */ = {isa = PBXFileReference; lastKnownFileType = sourcecode.swift; path = NotificationViewController.swift; sourceTree = "<group>"; };
		31CA207024FA17BE005103AE /* SurveyViewController.swift */ = {isa = PBXFileReference; lastKnownFileType = sourcecode.swift; path = SurveyViewController.swift; sourceTree = "<group>"; };
		31CA207224FA17F0005103AE /* AboutUsViewController.swift */ = {isa = PBXFileReference; lastKnownFileType = sourcecode.swift; path = AboutUsViewController.swift; sourceTree = "<group>"; };
		31CA207424FA17FC005103AE /* UserProfileViewController.swift */ = {isa = PBXFileReference; lastKnownFileType = sourcecode.swift; path = UserProfileViewController.swift; sourceTree = "<group>"; };
		31CA207624FA182A005103AE /* SafeActionsViewController.swift */ = {isa = PBXFileReference; lastKnownFileType = sourcecode.swift; path = SafeActionsViewController.swift; sourceTree = "<group>"; };
		31CA207824FA183D005103AE /* UpdateViewController.swift */ = {isa = PBXFileReference; lastKnownFileType = sourcecode.swift; path = UpdateViewController.swift; sourceTree = "<group>"; };
		31CA207C24FA353F005103AE /* TabBarViewController.swift */ = {isa = PBXFileReference; lastKnownFileType = sourcecode.swift; path = TabBarViewController.swift; sourceTree = "<group>"; };
		31CA207E24FA8DEB005103AE /* MapViewController.swift */ = {isa = PBXFileReference; lastKnownFileType = sourcecode.swift; path = MapViewController.swift; sourceTree = "<group>"; };
		31CC723124FC056900115000 /* GoogleService-Info.plist */ = {isa = PBXFileReference; fileEncoding = 4; lastKnownFileType = text.plist.xml; path = "GoogleService-Info.plist"; sourceTree = "<group>"; };
		941DBD88BAE8DC760317B2E1 /* Pods_NIBM_COVID19_NIBM_COVID19UITests.framework */ = {isa = PBXFileReference; explicitFileType = wrapper.framework; includeInIndex = 0; path = Pods_NIBM_COVID19_NIBM_COVID19UITests.framework; sourceTree = BUILT_PRODUCTS_DIR; };
		ACFEFFA4F035D12F69BCE226 /* Pods-NIBM COVID19-NIBM COVID19UITests.debug.xcconfig */ = {isa = PBXFileReference; includeInIndex = 1; lastKnownFileType = text.xcconfig; name = "Pods-NIBM COVID19-NIBM COVID19UITests.debug.xcconfig"; path = "Target Support Files/Pods-NIBM COVID19-NIBM COVID19UITests/Pods-NIBM COVID19-NIBM COVID19UITests.debug.xcconfig"; sourceTree = "<group>"; };
		C6625F9DABDCDBEDA9A7325C /* Pods-NIBM COVID19Tests.debug.xcconfig */ = {isa = PBXFileReference; includeInIndex = 1; lastKnownFileType = text.xcconfig; name = "Pods-NIBM COVID19Tests.debug.xcconfig"; path = "Target Support Files/Pods-NIBM COVID19Tests/Pods-NIBM COVID19Tests.debug.xcconfig"; sourceTree = "<group>"; };
		C92FE241C65F5E1A52BBE5AD /* Pods_NIBM_COVID19Tests.framework */ = {isa = PBXFileReference; explicitFileType = wrapper.framework; includeInIndex = 0; path = Pods_NIBM_COVID19Tests.framework; sourceTree = BUILT_PRODUCTS_DIR; };
		CB010EEAA2787F599D08F274 /* Pods-NIBM COVID19.debug.xcconfig */ = {isa = PBXFileReference; includeInIndex = 1; lastKnownFileType = text.xcconfig; name = "Pods-NIBM COVID19.debug.xcconfig"; path = "Target Support Files/Pods-NIBM COVID19/Pods-NIBM COVID19.debug.xcconfig"; sourceTree = "<group>"; };
		F3EDA6ED415C24152F591C30 /* Pods-NIBM COVID19-NIBM COVID19UITests.release.xcconfig */ = {isa = PBXFileReference; includeInIndex = 1; lastKnownFileType = text.xcconfig; name = "Pods-NIBM COVID19-NIBM COVID19UITests.release.xcconfig"; path = "Target Support Files/Pods-NIBM COVID19-NIBM COVID19UITests/Pods-NIBM COVID19-NIBM COVID19UITests.release.xcconfig"; sourceTree = "<group>"; };
		FFB5278FEBF759B50E2088DB /* Pods-NIBM COVID19.release.xcconfig */ = {isa = PBXFileReference; includeInIndex = 1; lastKnownFileType = text.xcconfig; name = "Pods-NIBM COVID19.release.xcconfig"; path = "Target Support Files/Pods-NIBM COVID19/Pods-NIBM COVID19.release.xcconfig"; sourceTree = "<group>"; };
/* End PBXFileReference section */

/* Begin PBXFrameworksBuildPhase section */
		3112F9C224EDBF28004A3BA0 /* Frameworks */ = {
			isa = PBXFrameworksBuildPhase;
			buildActionMask = 2147483647;
			files = (
				014AC26D9F0E23A55A1008EB /* Pods_NIBM_COVID19.framework in Frameworks */,
			);
			runOnlyForDeploymentPostprocessing = 0;
		};
		3112F9DB24EDBF29004A3BA0 /* Frameworks */ = {
			isa = PBXFrameworksBuildPhase;
			buildActionMask = 2147483647;
			files = (
				59FEC91F910C563A678388F8 /* Pods_NIBM_COVID19Tests.framework in Frameworks */,
			);
			runOnlyForDeploymentPostprocessing = 0;
		};
		3112F9E624EDBF29004A3BA0 /* Frameworks */ = {
			isa = PBXFrameworksBuildPhase;
			buildActionMask = 2147483647;
			files = (
				D9DDFBA54DF61B156D1FFA96 /* Pods_NIBM_COVID19_NIBM_COVID19UITests.framework in Frameworks */,
			);
			runOnlyForDeploymentPostprocessing = 0;
		};
/* End PBXFrameworksBuildPhase section */

/* Begin PBXGroup section */
		3112F9BC24EDBF28004A3BA0 = {
			isa = PBXGroup;
			children = (
				3112F9C724EDBF28004A3BA0 /* NIBM COVID19 */,
				3112F9E124EDBF29004A3BA0 /* NIBM COVID19Tests */,
				3112F9EC24EDBF29004A3BA0 /* NIBM COVID19UITests */,
				3112F9C624EDBF28004A3BA0 /* Products */,
				6D0F3CC59A2CB7828F1A0311 /* Pods */,
				8651D3ABDDB04BBF0B19B74B /* Frameworks */,
			);
			sourceTree = "<group>";
		};
		3112F9C624EDBF28004A3BA0 /* Products */ = {
			isa = PBXGroup;
			children = (
				3112F9C524EDBF28004A3BA0 /* NIBM COVID19.app */,
				3112F9DE24EDBF29004A3BA0 /* NIBM COVID19Tests.xctest */,
				3112F9E924EDBF29004A3BA0 /* NIBM COVID19UITests.xctest */,
			);
			name = Products;
			sourceTree = "<group>";
		};
		3112F9C724EDBF28004A3BA0 /* NIBM COVID19 */ = {
			isa = PBXGroup;
			children = (
				31C01A5A24FE350100EFF6AD /* Models */,
				312A321524F96444005E0A1C /* Utilities */,
				312A321024F95204005E0A1C /* Controllers */,
				3112F9C824EDBF28004A3BA0 /* AppDelegate.swift */,
				3112F9CA24EDBF28004A3BA0 /* SceneDelegate.swift */,
				3112F9D424EDBF29004A3BA0 /* Assets.xcassets */,
				3112F9D624EDBF29004A3BA0 /* LaunchScreen.storyboard */,
				3112F9D924EDBF29004A3BA0 /* Info.plist */,
				31CC723124FC056900115000 /* GoogleService-Info.plist */,
				3112F9D124EDBF28004A3BA0 /* NIBM_COVID19.xcdatamodeld */,
			);
			path = "NIBM COVID19";
			sourceTree = "<group>";
		};
		3112F9E124EDBF29004A3BA0 /* NIBM COVID19Tests */ = {
			isa = PBXGroup;
			children = (
				3112F9E224EDBF29004A3BA0 /* NIBM_COVID19Tests.swift */,
				3112F9E424EDBF29004A3BA0 /* Info.plist */,
			);
			path = "NIBM COVID19Tests";
			sourceTree = "<group>";
		};
		3112F9EC24EDBF29004A3BA0 /* NIBM COVID19UITests */ = {
			isa = PBXGroup;
			children = (
				3112F9ED24EDBF29004A3BA0 /* NIBM_COVID19UITests.swift */,
				3112F9EF24EDBF29004A3BA0 /* Info.plist */,
			);
			path = "NIBM COVID19UITests";
			sourceTree = "<group>";
		};
		312A321024F95204005E0A1C /* Controllers */ = {
			isa = PBXGroup;
			children = (
				3112F9CC24EDBF28004A3BA0 /* LaunchViewController.swift */,
				312A321124F95288005E0A1C /* SignInViewController.swift */,
				312A321324F952A2005E0A1C /* SignUpViewController.swift */,
				31CA206A24FA176F005103AE /* HomeViewController.swift */,
				31CA206C24FA1782005103AE /* SettingsViewController.swift */,
				31CA206E24FA17AC005103AE /* NotificationViewController.swift */,
				31CA207024FA17BE005103AE /* SurveyViewController.swift */,
				31CA207224FA17F0005103AE /* AboutUsViewController.swift */,
				31CA207424FA17FC005103AE /* UserProfileViewController.swift */,
				31CA207624FA182A005103AE /* SafeActionsViewController.swift */,
				31CA207824FA183D005103AE /* UpdateViewController.swift */,
				31CA207C24FA353F005103AE /* TabBarViewController.swift */,
				31CA207E24FA8DEB005103AE /* MapViewController.swift */,
			);
			path = Controllers;
			sourceTree = "<group>";
		};
		312A321524F96444005E0A1C /* Utilities */ = {
			isa = PBXGroup;
			children = (
				31C01A5F24FE929800EFF6AD /* DatabaseService.swift */,
				312A321624F96475005E0A1C /* Extensions.swift */,
				31AE54EA24FD684600B5B271 /* Constants.swift */,
				31C72CDB25021CA30027B243 /* LocationService.swift */,
			);
			path = Utilities;
			sourceTree = "<group>";
		};
		31C01A5A24FE350100EFF6AD /* Models */ = {
			isa = PBXGroup;
			children = (
				31C72CDD250271FE0027B243 /* UserAnnotation.swift */,
			);
			path = Models;
			sourceTree = "<group>";
		};
		6D0F3CC59A2CB7828F1A0311 /* Pods */ = {
			isa = PBXGroup;
			children = (
				CB010EEAA2787F599D08F274 /* Pods-NIBM COVID19.debug.xcconfig */,
				FFB5278FEBF759B50E2088DB /* Pods-NIBM COVID19.release.xcconfig */,
				ACFEFFA4F035D12F69BCE226 /* Pods-NIBM COVID19-NIBM COVID19UITests.debug.xcconfig */,
				F3EDA6ED415C24152F591C30 /* Pods-NIBM COVID19-NIBM COVID19UITests.release.xcconfig */,
				C6625F9DABDCDBEDA9A7325C /* Pods-NIBM COVID19Tests.debug.xcconfig */,
				2E8F732ED66E790B1925DF9A /* Pods-NIBM COVID19Tests.release.xcconfig */,
			);
			path = Pods;
			sourceTree = "<group>";
		};
		8651D3ABDDB04BBF0B19B74B /* Frameworks */ = {
			isa = PBXGroup;
			children = (
				23F0159ADEEAA5FF4B68DB4C /* Pods_NIBM_COVID19.framework */,
				941DBD88BAE8DC760317B2E1 /* Pods_NIBM_COVID19_NIBM_COVID19UITests.framework */,
				C92FE241C65F5E1A52BBE5AD /* Pods_NIBM_COVID19Tests.framework */,
			);
			name = Frameworks;
			sourceTree = "<group>";
		};
/* End PBXGroup section */

/* Begin PBXNativeTarget section */
		3112F9C424EDBF28004A3BA0 /* NIBM COVID19 */ = {
			isa = PBXNativeTarget;
			buildConfigurationList = 3112F9F224EDBF29004A3BA0 /* Build configuration list for PBXNativeTarget "NIBM COVID19" */;
			buildPhases = (
				AEA603C073E9180FD1459EC7 /* [CP] Check Pods Manifest.lock */,
				3112F9C124EDBF28004A3BA0 /* Sources */,
				3112F9C224EDBF28004A3BA0 /* Frameworks */,
				3112F9C324EDBF28004A3BA0 /* Resources */,
				B3A015A1F774EDA332CD43CB /* [CP] Embed Pods Frameworks */,
			);
			buildRules = (
			);
			dependencies = (
			);
			name = "NIBM COVID19";
			productName = "NIBM COVID19";
			productReference = 3112F9C524EDBF28004A3BA0 /* NIBM COVID19.app */;
			productType = "com.apple.product-type.application";
		};
		3112F9DD24EDBF29004A3BA0 /* NIBM COVID19Tests */ = {
			isa = PBXNativeTarget;
			buildConfigurationList = 3112F9F524EDBF29004A3BA0 /* Build configuration list for PBXNativeTarget "NIBM COVID19Tests" */;
			buildPhases = (
				AA74AA6F7C7C98C961AD0ED9 /* [CP] Check Pods Manifest.lock */,
				3112F9DA24EDBF29004A3BA0 /* Sources */,
				3112F9DB24EDBF29004A3BA0 /* Frameworks */,
				3112F9DC24EDBF29004A3BA0 /* Resources */,
			);
			buildRules = (
			);
			dependencies = (
				3112F9E024EDBF29004A3BA0 /* PBXTargetDependency */,
			);
			name = "NIBM COVID19Tests";
			productName = "NIBM COVID19Tests";
			productReference = 3112F9DE24EDBF29004A3BA0 /* NIBM COVID19Tests.xctest */;
			productType = "com.apple.product-type.bundle.unit-test";
		};
		3112F9E824EDBF29004A3BA0 /* NIBM COVID19UITests */ = {
			isa = PBXNativeTarget;
			buildConfigurationList = 3112F9F824EDBF29004A3BA0 /* Build configuration list for PBXNativeTarget "NIBM COVID19UITests" */;
			buildPhases = (
				3D4735D2D205B6896B333A71 /* [CP] Check Pods Manifest.lock */,
				3112F9E524EDBF29004A3BA0 /* Sources */,
				3112F9E624EDBF29004A3BA0 /* Frameworks */,
				3112F9E724EDBF29004A3BA0 /* Resources */,
				3AA3E183A8555FCF47B81C18 /* [CP] Embed Pods Frameworks */,
			);
			buildRules = (
			);
			dependencies = (
				3112F9EB24EDBF29004A3BA0 /* PBXTargetDependency */,
			);
			name = "NIBM COVID19UITests";
			productName = "NIBM COVID19UITests";
			productReference = 3112F9E924EDBF29004A3BA0 /* NIBM COVID19UITests.xctest */;
			productType = "com.apple.product-type.bundle.ui-testing";
		};
/* End PBXNativeTarget section */

/* Begin PBXProject section */
		3112F9BD24EDBF28004A3BA0 /* Project object */ = {
			isa = PBXProject;
			attributes = {
				LastSwiftUpdateCheck = 1150;
				LastUpgradeCheck = 1150;
				ORGANIZATIONNAME = NIBM;
				TargetAttributes = {
					3112F9C424EDBF28004A3BA0 = {
						CreatedOnToolsVersion = 11.5;
					};
					3112F9DD24EDBF29004A3BA0 = {
						CreatedOnToolsVersion = 11.5;
						TestTargetID = 3112F9C424EDBF28004A3BA0;
					};
					3112F9E824EDBF29004A3BA0 = {
						CreatedOnToolsVersion = 11.5;
						TestTargetID = 3112F9C424EDBF28004A3BA0;
					};
				};
			};
			buildConfigurationList = 3112F9C024EDBF28004A3BA0 /* Build configuration list for PBXProject "NIBM COVID19" */;
			compatibilityVersion = "Xcode 9.3";
			developmentRegion = en;
			hasScannedForEncodings = 0;
			knownRegions = (
				en,
				Base,
			);
			mainGroup = 3112F9BC24EDBF28004A3BA0;
			productRefGroup = 3112F9C624EDBF28004A3BA0 /* Products */;
			projectDirPath = "";
			projectRoot = "";
			targets = (
				3112F9C424EDBF28004A3BA0 /* NIBM COVID19 */,
				3112F9DD24EDBF29004A3BA0 /* NIBM COVID19Tests */,
				3112F9E824EDBF29004A3BA0 /* NIBM COVID19UITests */,
			);
		};
/* End PBXProject section */

/* Begin PBXResourcesBuildPhase section */
		3112F9C324EDBF28004A3BA0 /* Resources */ = {
			isa = PBXResourcesBuildPhase;
			buildActionMask = 2147483647;
			files = (
				3112F9D824EDBF29004A3BA0 /* LaunchScreen.storyboard in Resources */,
				3112F9D524EDBF29004A3BA0 /* Assets.xcassets in Resources */,
				31CC723224FC056900115000 /* GoogleService-Info.plist in Resources */,
			);
			runOnlyForDeploymentPostprocessing = 0;
		};
		3112F9DC24EDBF29004A3BA0 /* Resources */ = {
			isa = PBXResourcesBuildPhase;
			buildActionMask = 2147483647;
			files = (
				31CC723324FC056900115000 /* GoogleService-Info.plist in Resources */,
			);
			runOnlyForDeploymentPostprocessing = 0;
		};
		3112F9E724EDBF29004A3BA0 /* Resources */ = {
			isa = PBXResourcesBuildPhase;
			buildActionMask = 2147483647;
			files = (
				31CC723424FC056900115000 /* GoogleService-Info.plist in Resources */,
			);
			runOnlyForDeploymentPostprocessing = 0;
		};
/* End PBXResourcesBuildPhase section */

/* Begin PBXShellScriptBuildPhase section */
		3AA3E183A8555FCF47B81C18 /* [CP] Embed Pods Frameworks */ = {
			isa = PBXShellScriptBuildPhase;
			buildActionMask = 2147483647;
			files = (
			);
			inputFileListPaths = (
				"${PODS_ROOT}/Target Support Files/Pods-NIBM COVID19-NIBM COVID19UITests/Pods-NIBM COVID19-NIBM COVID19UITests-frameworks-${CONFIGURATION}-input-files.xcfilelist",
			);
			name = "[CP] Embed Pods Frameworks";
			outputFileListPaths = (
				"${PODS_ROOT}/Target Support Files/Pods-NIBM COVID19-NIBM COVID19UITests/Pods-NIBM COVID19-NIBM COVID19UITests-frameworks-${CONFIGURATION}-output-files.xcfilelist",
			);
			runOnlyForDeploymentPostprocessing = 0;
			shellPath = /bin/sh;
			shellScript = "\"${PODS_ROOT}/Target Support Files/Pods-NIBM COVID19-NIBM COVID19UITests/Pods-NIBM COVID19-NIBM COVID19UITests-frameworks.sh\"\n";
			showEnvVarsInLog = 0;
		};
		3D4735D2D205B6896B333A71 /* [CP] Check Pods Manifest.lock */ = {
			isa = PBXShellScriptBuildPhase;
			buildActionMask = 2147483647;
			files = (
			);
			inputFileListPaths = (
			);
			inputPaths = (
				"${PODS_PODFILE_DIR_PATH}/Podfile.lock",
				"${PODS_ROOT}/Manifest.lock",
			);
			name = "[CP] Check Pods Manifest.lock";
			outputFileListPaths = (
			);
			outputPaths = (
				"$(DERIVED_FILE_DIR)/Pods-NIBM COVID19-NIBM COVID19UITests-checkManifestLockResult.txt",
			);
			runOnlyForDeploymentPostprocessing = 0;
			shellPath = /bin/sh;
			shellScript = "diff \"${PODS_PODFILE_DIR_PATH}/Podfile.lock\" \"${PODS_ROOT}/Manifest.lock\" > /dev/null\nif [ $? != 0 ] ; then\n    # print error to STDERR\n    echo \"error: The sandbox is not in sync with the Podfile.lock. Run 'pod install' or update your CocoaPods installation.\" >&2\n    exit 1\nfi\n# This output is used by Xcode 'outputs' to avoid re-running this script phase.\necho \"SUCCESS\" > \"${SCRIPT_OUTPUT_FILE_0}\"\n";
			showEnvVarsInLog = 0;
		};
		AA74AA6F7C7C98C961AD0ED9 /* [CP] Check Pods Manifest.lock */ = {
			isa = PBXShellScriptBuildPhase;
			buildActionMask = 2147483647;
			files = (
			);
			inputFileListPaths = (
			);
			inputPaths = (
				"${PODS_PODFILE_DIR_PATH}/Podfile.lock",
				"${PODS_ROOT}/Manifest.lock",
			);
			name = "[CP] Check Pods Manifest.lock";
			outputFileListPaths = (
			);
			outputPaths = (
				"$(DERIVED_FILE_DIR)/Pods-NIBM COVID19Tests-checkManifestLockResult.txt",
			);
			runOnlyForDeploymentPostprocessing = 0;
			shellPath = /bin/sh;
			shellScript = "diff \"${PODS_PODFILE_DIR_PATH}/Podfile.lock\" \"${PODS_ROOT}/Manifest.lock\" > /dev/null\nif [ $? != 0 ] ; then\n    # print error to STDERR\n    echo \"error: The sandbox is not in sync with the Podfile.lock. Run 'pod install' or update your CocoaPods installation.\" >&2\n    exit 1\nfi\n# This output is used by Xcode 'outputs' to avoid re-running this script phase.\necho \"SUCCESS\" > \"${SCRIPT_OUTPUT_FILE_0}\"\n";
			showEnvVarsInLog = 0;
		};
		AEA603C073E9180FD1459EC7 /* [CP] Check Pods Manifest.lock */ = {
			isa = PBXShellScriptBuildPhase;
			buildActionMask = 2147483647;
			files = (
			);
			inputFileListPaths = (
			);
			inputPaths = (
				"${PODS_PODFILE_DIR_PATH}/Podfile.lock",
				"${PODS_ROOT}/Manifest.lock",
			);
			name = "[CP] Check Pods Manifest.lock";
			outputFileListPaths = (
			);
			outputPaths = (
				"$(DERIVED_FILE_DIR)/Pods-NIBM COVID19-checkManifestLockResult.txt",
			);
			runOnlyForDeploymentPostprocessing = 0;
			shellPath = /bin/sh;
			shellScript = "diff \"${PODS_PODFILE_DIR_PATH}/Podfile.lock\" \"${PODS_ROOT}/Manifest.lock\" > /dev/null\nif [ $? != 0 ] ; then\n    # print error to STDERR\n    echo \"error: The sandbox is not in sync with the Podfile.lock. Run 'pod install' or update your CocoaPods installation.\" >&2\n    exit 1\nfi\n# This output is used by Xcode 'outputs' to avoid re-running this script phase.\necho \"SUCCESS\" > \"${SCRIPT_OUTPUT_FILE_0}\"\n";
			showEnvVarsInLog = 0;
		};
		B3A015A1F774EDA332CD43CB /* [CP] Embed Pods Frameworks */ = {
			isa = PBXShellScriptBuildPhase;
			buildActionMask = 2147483647;
			files = (
			);
			inputFileListPaths = (
				"${PODS_ROOT}/Target Support Files/Pods-NIBM COVID19/Pods-NIBM COVID19-frameworks-${CONFIGURATION}-input-files.xcfilelist",
			);
			name = "[CP] Embed Pods Frameworks";
			outputFileListPaths = (
				"${PODS_ROOT}/Target Support Files/Pods-NIBM COVID19/Pods-NIBM COVID19-frameworks-${CONFIGURATION}-output-files.xcfilelist",
			);
			runOnlyForDeploymentPostprocessing = 0;
			shellPath = /bin/sh;
			shellScript = "\"${PODS_ROOT}/Target Support Files/Pods-NIBM COVID19/Pods-NIBM COVID19-frameworks.sh\"\n";
			showEnvVarsInLog = 0;
		};
/* End PBXShellScriptBuildPhase section */

/* Begin PBXSourcesBuildPhase section */
		3112F9C124EDBF28004A3BA0 /* Sources */ = {
			isa = PBXSourcesBuildPhase;
			buildActionMask = 2147483647;
			files = (
				31CA207D24FA353F005103AE /* TabBarViewController.swift in Sources */,
				31CA206F24FA17AC005103AE /* NotificationViewController.swift in Sources */,
				31C72CDC25021CA30027B243 /* LocationService.swift in Sources */,
				31CA207124FA17BE005103AE /* SurveyViewController.swift in Sources */,
				312A321424F952A2005E0A1C /* SignUpViewController.swift in Sources */,
				3112F9CD24EDBF28004A3BA0 /* LaunchViewController.swift in Sources */,
				31C72CDE250271FE0027B243 /* UserAnnotation.swift in Sources */,
				31CA207324FA17F0005103AE /* AboutUsViewController.swift in Sources */,
				3112F9D324EDBF28004A3BA0 /* NIBM_COVID19.xcdatamodeld in Sources */,
				31CA206B24FA176F005103AE /* HomeViewController.swift in Sources */,
				3112F9C924EDBF28004A3BA0 /* AppDelegate.swift in Sources */,
				31CA207524FA17FC005103AE /* UserProfileViewController.swift in Sources */,
				31CA207724FA182A005103AE /* SafeActionsViewController.swift in Sources */,
				312A321224F95288005E0A1C /* SignInViewController.swift in Sources */,
				3112F9CB24EDBF28004A3BA0 /* SceneDelegate.swift in Sources */,
				31C01A6024FE929800EFF6AD /* DatabaseService.swift in Sources */,
				312A321724F96475005E0A1C /* Extensions.swift in Sources */,
				31CA206D24FA1782005103AE /* SettingsViewController.swift in Sources */,
				31CA207924FA183D005103AE /* UpdateViewController.swift in Sources */,
				31CA207F24FA8DEB005103AE /* MapViewController.swift in Sources */,
				31AE54EB24FD684600B5B271 /* Constants.swift in Sources */,
			);
			runOnlyForDeploymentPostprocessing = 0;
		};
		3112F9DA24EDBF29004A3BA0 /* Sources */ = {
			isa = PBXSourcesBuildPhase;
			buildActionMask = 2147483647;
			files = (
				3112F9E324EDBF29004A3BA0 /* NIBM_COVID19Tests.swift in Sources */,
			);
			runOnlyForDeploymentPostprocessing = 0;
		};
		3112F9E524EDBF29004A3BA0 /* Sources */ = {
			isa = PBXSourcesBuildPhase;
			buildActionMask = 2147483647;
			files = (
				3112F9EE24EDBF29004A3BA0 /* NIBM_COVID19UITests.swift in Sources */,
			);
			runOnlyForDeploymentPostprocessing = 0;
		};
/* End PBXSourcesBuildPhase section */

/* Begin PBXTargetDependency section */
		3112F9E024EDBF29004A3BA0 /* PBXTargetDependency */ = {
			isa = PBXTargetDependency;
			target = 3112F9C424EDBF28004A3BA0 /* NIBM COVID19 */;
			targetProxy = 3112F9DF24EDBF29004A3BA0 /* PBXContainerItemProxy */;
		};
		3112F9EB24EDBF29004A3BA0 /* PBXTargetDependency */ = {
			isa = PBXTargetDependency;
			target = 3112F9C424EDBF28004A3BA0 /* NIBM COVID19 */;
			targetProxy = 3112F9EA24EDBF29004A3BA0 /* PBXContainerItemProxy */;
		};
/* End PBXTargetDependency section */

/* Begin PBXVariantGroup section */
		3112F9D624EDBF29004A3BA0 /* LaunchScreen.storyboard */ = {
			isa = PBXVariantGroup;
			children = (
				3112F9D724EDBF29004A3BA0 /* Base */,
			);
			name = LaunchScreen.storyboard;
			sourceTree = "<group>";
		};
/* End PBXVariantGroup section */

/* Begin XCBuildConfiguration section */
		3112F9F024EDBF29004A3BA0 /* Debug */ = {
			isa = XCBuildConfiguration;
			buildSettings = {
				ALWAYS_SEARCH_USER_PATHS = NO;
				CLANG_ANALYZER_NONNULL = YES;
				CLANG_ANALYZER_NUMBER_OBJECT_CONVERSION = YES_AGGRESSIVE;
				CLANG_CXX_LANGUAGE_STANDARD = "gnu++14";
				CLANG_CXX_LIBRARY = "libc++";
				CLANG_ENABLE_MODULES = YES;
				CLANG_ENABLE_OBJC_ARC = YES;
				CLANG_ENABLE_OBJC_WEAK = YES;
				CLANG_WARN_BLOCK_CAPTURE_AUTORELEASING = YES;
				CLANG_WARN_BOOL_CONVERSION = YES;
				CLANG_WARN_COMMA = YES;
				CLANG_WARN_CONSTANT_CONVERSION = YES;
				CLANG_WARN_DEPRECATED_OBJC_IMPLEMENTATIONS = YES;
				CLANG_WARN_DIRECT_OBJC_ISA_USAGE = YES_ERROR;
				CLANG_WARN_DOCUMENTATION_COMMENTS = YES;
				CLANG_WARN_EMPTY_BODY = YES;
				CLANG_WARN_ENUM_CONVERSION = YES;
				CLANG_WARN_INFINITE_RECURSION = YES;
				CLANG_WARN_INT_CONVERSION = YES;
				CLANG_WARN_NON_LITERAL_NULL_CONVERSION = YES;
				CLANG_WARN_OBJC_IMPLICIT_RETAIN_SELF = YES;
				CLANG_WARN_OBJC_LITERAL_CONVERSION = YES;
				CLANG_WARN_OBJC_ROOT_CLASS = YES_ERROR;
				CLANG_WARN_RANGE_LOOP_ANALYSIS = YES;
				CLANG_WARN_STRICT_PROTOTYPES = YES;
				CLANG_WARN_SUSPICIOUS_MOVE = YES;
				CLANG_WARN_UNGUARDED_AVAILABILITY = YES_AGGRESSIVE;
				CLANG_WARN_UNREACHABLE_CODE = YES;
				CLANG_WARN__DUPLICATE_METHOD_MATCH = YES;
				COPY_PHASE_STRIP = NO;
				DEBUG_INFORMATION_FORMAT = dwarf;
				ENABLE_STRICT_OBJC_MSGSEND = YES;
				ENABLE_TESTABILITY = YES;
				GCC_C_LANGUAGE_STANDARD = gnu11;
				GCC_DYNAMIC_NO_PIC = NO;
				GCC_NO_COMMON_BLOCKS = YES;
				GCC_OPTIMIZATION_LEVEL = 0;
				GCC_PREPROCESSOR_DEFINITIONS = (
					"DEBUG=1",
					"$(inherited)",
				);
				GCC_WARN_64_TO_32_BIT_CONVERSION = YES;
				GCC_WARN_ABOUT_RETURN_TYPE = YES_ERROR;
				GCC_WARN_UNDECLARED_SELECTOR = YES;
				GCC_WARN_UNINITIALIZED_AUTOS = YES_AGGRESSIVE;
				GCC_WARN_UNUSED_FUNCTION = YES;
				GCC_WARN_UNUSED_VARIABLE = YES;
				IPHONEOS_DEPLOYMENT_TARGET = 13.5;
				MTL_ENABLE_DEBUG_INFO = INCLUDE_SOURCE;
				MTL_FAST_MATH = YES;
				ONLY_ACTIVE_ARCH = YES;
				SDKROOT = iphoneos;
				SWIFT_ACTIVE_COMPILATION_CONDITIONS = DEBUG;
				SWIFT_OPTIMIZATION_LEVEL = "-Onone";
			};
			name = Debug;
		};
		3112F9F124EDBF29004A3BA0 /* Release */ = {
			isa = XCBuildConfiguration;
			buildSettings = {
				ALWAYS_SEARCH_USER_PATHS = NO;
				CLANG_ANALYZER_NONNULL = YES;
				CLANG_ANALYZER_NUMBER_OBJECT_CONVERSION = YES_AGGRESSIVE;
				CLANG_CXX_LANGUAGE_STANDARD = "gnu++14";
				CLANG_CXX_LIBRARY = "libc++";
				CLANG_ENABLE_MODULES = YES;
				CLANG_ENABLE_OBJC_ARC = YES;
				CLANG_ENABLE_OBJC_WEAK = YES;
				CLANG_WARN_BLOCK_CAPTURE_AUTORELEASING = YES;
				CLANG_WARN_BOOL_CONVERSION = YES;
				CLANG_WARN_COMMA = YES;
				CLANG_WARN_CONSTANT_CONVERSION = YES;
				CLANG_WARN_DEPRECATED_OBJC_IMPLEMENTATIONS = YES;
				CLANG_WARN_DIRECT_OBJC_ISA_USAGE = YES_ERROR;
				CLANG_WARN_DOCUMENTATION_COMMENTS = YES;
				CLANG_WARN_EMPTY_BODY = YES;
				CLANG_WARN_ENUM_CONVERSION = YES;
				CLANG_WARN_INFINITE_RECURSION = YES;
				CLANG_WARN_INT_CONVERSION = YES;
				CLANG_WARN_NON_LITERAL_NULL_CONVERSION = YES;
				CLANG_WARN_OBJC_IMPLICIT_RETAIN_SELF = YES;
				CLANG_WARN_OBJC_LITERAL_CONVERSION = YES;
				CLANG_WARN_OBJC_ROOT_CLASS = YES_ERROR;
				CLANG_WARN_RANGE_LOOP_ANALYSIS = YES;
				CLANG_WARN_STRICT_PROTOTYPES = YES;
				CLANG_WARN_SUSPICIOUS_MOVE = YES;
				CLANG_WARN_UNGUARDED_AVAILABILITY = YES_AGGRESSIVE;
				CLANG_WARN_UNREACHABLE_CODE = YES;
				CLANG_WARN__DUPLICATE_METHOD_MATCH = YES;
				COPY_PHASE_STRIP = NO;
				DEBUG_INFORMATION_FORMAT = "dwarf-with-dsym";
				ENABLE_NS_ASSERTIONS = NO;
				ENABLE_STRICT_OBJC_MSGSEND = YES;
				GCC_C_LANGUAGE_STANDARD = gnu11;
				GCC_NO_COMMON_BLOCKS = YES;
				GCC_WARN_64_TO_32_BIT_CONVERSION = YES;
				GCC_WARN_ABOUT_RETURN_TYPE = YES_ERROR;
				GCC_WARN_UNDECLARED_SELECTOR = YES;
				GCC_WARN_UNINITIALIZED_AUTOS = YES_AGGRESSIVE;
				GCC_WARN_UNUSED_FUNCTION = YES;
				GCC_WARN_UNUSED_VARIABLE = YES;
				IPHONEOS_DEPLOYMENT_TARGET = 13.5;
				MTL_ENABLE_DEBUG_INFO = NO;
				MTL_FAST_MATH = YES;
				SDKROOT = iphoneos;
				SWIFT_COMPILATION_MODE = wholemodule;
				SWIFT_OPTIMIZATION_LEVEL = "-O";
				VALIDATE_PRODUCT = YES;
			};
			name = Release;
		};
		3112F9F324EDBF29004A3BA0 /* Debug */ = {
			isa = XCBuildConfiguration;
			baseConfigurationReference = CB010EEAA2787F599D08F274 /* Pods-NIBM COVID19.debug.xcconfig */;
			buildSettings = {
				ASSETCATALOG_COMPILER_APPICON_NAME = AppIcon;
				CODE_SIGN_STYLE = Automatic;
				INFOPLIST_FILE = "NIBM COVID19/Info.plist";
				LD_RUNPATH_SEARCH_PATHS = (
					"$(inherited)",
					"@executable_path/Frameworks",
				);
				PRODUCT_BUNDLE_IDENTIFIER = "com.nibm.cobsccomp191p-009.NIBM-COVID19";
				PRODUCT_NAME = "$(TARGET_NAME)";
				SWIFT_VERSION = 5.0;
				TARGETED_DEVICE_FAMILY = 1;
			};
			name = Debug;
		};
		3112F9F424EDBF29004A3BA0 /* Release */ = {
			isa = XCBuildConfiguration;
			baseConfigurationReference = FFB5278FEBF759B50E2088DB /* Pods-NIBM COVID19.release.xcconfig */;
			buildSettings = {
				ASSETCATALOG_COMPILER_APPICON_NAME = AppIcon;
				CODE_SIGN_STYLE = Automatic;
				INFOPLIST_FILE = "NIBM COVID19/Info.plist";
				LD_RUNPATH_SEARCH_PATHS = (
					"$(inherited)",
					"@executable_path/Frameworks",
				);
				PRODUCT_BUNDLE_IDENTIFIER = "com.nibm.cobsccomp191p-009.NIBM-COVID19";
				PRODUCT_NAME = "$(TARGET_NAME)";
				SWIFT_VERSION = 5.0;
				TARGETED_DEVICE_FAMILY = 1;
			};
			name = Release;
		};
		3112F9F624EDBF29004A3BA0 /* Debug */ = {
			isa = XCBuildConfiguration;
			baseConfigurationReference = C6625F9DABDCDBEDA9A7325C /* Pods-NIBM COVID19Tests.debug.xcconfig */;
			buildSettings = {
				ALWAYS_EMBED_SWIFT_STANDARD_LIBRARIES = YES;
				BUNDLE_LOADER = "$(TEST_HOST)";
				CODE_SIGN_STYLE = Automatic;
				INFOPLIST_FILE = "NIBM COVID19Tests/Info.plist";
				IPHONEOS_DEPLOYMENT_TARGET = 13.5;
				LD_RUNPATH_SEARCH_PATHS = (
					"$(inherited)",
					"@executable_path/Frameworks",
					"@loader_path/Frameworks",
				);
				PRODUCT_BUNDLE_IDENTIFIER = "com.nibm.cobsccomp191p-009.NIBM-COVID19Tests";
				PRODUCT_NAME = "$(TARGET_NAME)";
				SWIFT_VERSION = 5.0;
				TARGETED_DEVICE_FAMILY = "1,2";
				TEST_HOST = "$(BUILT_PRODUCTS_DIR)/NIBM COVID19.app/NIBM COVID19";
			};
			name = Debug;
		};
		3112F9F724EDBF29004A3BA0 /* Release */ = {
			isa = XCBuildConfiguration;
			baseConfigurationReference = 2E8F732ED66E790B1925DF9A /* Pods-NIBM COVID19Tests.release.xcconfig */;
			buildSettings = {
				ALWAYS_EMBED_SWIFT_STANDARD_LIBRARIES = YES;
				BUNDLE_LOADER = "$(TEST_HOST)";
				CODE_SIGN_STYLE = Automatic;
				INFOPLIST_FILE = "NIBM COVID19Tests/Info.plist";
				IPHONEOS_DEPLOYMENT_TARGET = 13.5;
				LD_RUNPATH_SEARCH_PATHS = (
					"$(inherited)",
					"@executable_path/Frameworks",
					"@loader_path/Frameworks",
				);
				PRODUCT_BUNDLE_IDENTIFIER = "com.nibm.cobsccomp191p-009.NIBM-COVID19Tests";
				PRODUCT_NAME = "$(TARGET_NAME)";
				SWIFT_VERSION = 5.0;
				TARGETED_DEVICE_FAMILY = "1,2";
				TEST_HOST = "$(BUILT_PRODUCTS_DIR)/NIBM COVID19.app/NIBM COVID19";
			};
			name = Release;
		};
		3112F9F924EDBF29004A3BA0 /* Debug */ = {
			isa = XCBuildConfiguration;
			baseConfigurationReference = ACFEFFA4F035D12F69BCE226 /* Pods-NIBM COVID19-NIBM COVID19UITests.debug.xcconfig */;
			buildSettings = {
				ALWAYS_EMBED_SWIFT_STANDARD_LIBRARIES = YES;
				CODE_SIGN_STYLE = Automatic;
				INFOPLIST_FILE = "NIBM COVID19UITests/Info.plist";
				LD_RUNPATH_SEARCH_PATHS = (
					"$(inherited)",
					"@executable_path/Frameworks",
					"@loader_path/Frameworks",
				);
				PRODUCT_BUNDLE_IDENTIFIER = "com.nibm.cobsccomp191p-009.NIBM-COVID19UITests";
				PRODUCT_NAME = "$(TARGET_NAME)";
				SWIFT_VERSION = 5.0;
				TARGETED_DEVICE_FAMILY = "1,2";
				TEST_TARGET_NAME = "NIBM COVID19";
			};
			name = Debug;
		};
		3112F9FA24EDBF29004A3BA0 /* Release */ = {
			isa = XCBuildConfiguration;
			baseConfigurationReference = F3EDA6ED415C24152F591C30 /* Pods-NIBM COVID19-NIBM COVID19UITests.release.xcconfig */;
			buildSettings = {
				ALWAYS_EMBED_SWIFT_STANDARD_LIBRARIES = YES;
				CODE_SIGN_STYLE = Automatic;
				INFOPLIST_FILE = "NIBM COVID19UITests/Info.plist";
				LD_RUNPATH_SEARCH_PATHS = (
					"$(inherited)",
					"@executable_path/Frameworks",
					"@loader_path/Frameworks",
				);
				PRODUCT_BUNDLE_IDENTIFIER = "com.nibm.cobsccomp191p-009.NIBM-COVID19UITests";
				PRODUCT_NAME = "$(TARGET_NAME)";
				SWIFT_VERSION = 5.0;
				TARGETED_DEVICE_FAMILY = "1,2";
				TEST_TARGET_NAME = "NIBM COVID19";
			};
			name = Release;
		};
/* End XCBuildConfiguration section */

/* Begin XCConfigurationList section */
		3112F9C024EDBF28004A3BA0 /* Build configuration list for PBXProject "NIBM COVID19" */ = {
			isa = XCConfigurationList;
			buildConfigurations = (
				3112F9F024EDBF29004A3BA0 /* Debug */,
				3112F9F124EDBF29004A3BA0 /* Release */,
			);
			defaultConfigurationIsVisible = 0;
			defaultConfigurationName = Release;
		};
		3112F9F224EDBF29004A3BA0 /* Build configuration list for PBXNativeTarget "NIBM COVID19" */ = {
			isa = XCConfigurationList;
			buildConfigurations = (
				3112F9F324EDBF29004A3BA0 /* Debug */,
				3112F9F424EDBF29004A3BA0 /* Release */,
			);
			defaultConfigurationIsVisible = 0;
			defaultConfigurationName = Release;
		};
		3112F9F524EDBF29004A3BA0 /* Build configuration list for PBXNativeTarget "NIBM COVID19Tests" */ = {
			isa = XCConfigurationList;
			buildConfigurations = (
				3112F9F624EDBF29004A3BA0 /* Debug */,
				3112F9F724EDBF29004A3BA0 /* Release */,
			);
			defaultConfigurationIsVisible = 0;
			defaultConfigurationName = Release;
		};
		3112F9F824EDBF29004A3BA0 /* Build configuration list for PBXNativeTarget "NIBM COVID19UITests" */ = {
			isa = XCConfigurationList;
			buildConfigurations = (
				3112F9F924EDBF29004A3BA0 /* Debug */,
				3112F9FA24EDBF29004A3BA0 /* Release */,
			);
			defaultConfigurationIsVisible = 0;
			defaultConfigurationName = Release;
		};
/* End XCConfigurationList section */

/* Begin XCVersionGroup section */
		3112F9D124EDBF28004A3BA0 /* NIBM_COVID19.xcdatamodeld */ = {
			isa = XCVersionGroup;
			children = (
				3112F9D224EDBF28004A3BA0 /* NIBM_COVID19.xcdatamodel */,
			);
			currentVersion = 3112F9D224EDBF28004A3BA0 /* NIBM_COVID19.xcdatamodel */;
			path = NIBM_COVID19.xcdatamodeld;
			sourceTree = "<group>";
			versionGroupType = wrapper.xcdatamodel;
		};
/* End XCVersionGroup section */
	};
	rootObject = 3112F9BD24EDBF28004A3BA0 /* Project object */;
}
